
Microsoft Visual Studio Solution File, Format Version 12.00
# Visual Studio 15
VisualStudioVersion = 15.0.35026.233
MinimumVisualStudioVersion = 10.0.40219.1
Project("{FAE04EC0-301F-11D3-BF4B-00C04F79EFBC}") = "InvenFacil", "InvenFacil\InvenFacil.csproj", "{6BBFF15C-2E47-4605-B16E-8067BF78BF29}"
EndProject
Global
	GlobalSection(SolutionConfigurationPlatforms) = preSolution
		Debug|Any CPU = Debug|Any CPU
		Release|Any CPU = Release|Any CPU
	EndGlobalSection
	GlobalSection(ProjectConfigurationPlatforms) = postSolution
		{6BBFF15C-2E47-4605-B16E-8067BF78BF29}.Debug|Any CPU.ActiveCfg = Debug|Any CPU
		{6BBFF15C-2E47-4605-B16E-8067BF78BF29}.Debug|Any CPU.Build.0 = Debug|Any CPU
		{6BBFF15C-2E47-4605-B16E-8067BF78BF29}.Release|Any CPU.ActiveCfg = Release|Any CPU
		{6BBFF15C-2E47-4605-B16E-8067BF78BF29}.Release|Any CPU.Build.0 = Release|Any CPU
	EndGlobalSection
	GlobalSection(SolutionProperties) = preSolution
		HideSolutionNode = FALSE
	EndGlobalSection
	GlobalSection(ExtensibilityGlobals) = postSolution
		SolutionGuid = {7784F7AC-ED50-435F-8956-DDCA12CC99CC}
	EndGlobalSection
EndGlobal
